
Microsoft Visual Studio Solution File, Format Version 12.00
# Visual Studio Version 17
VisualStudioVersion = 17.14.36429.23 d17.14
MinimumVisualStudioVersion = 10.0.40219.1
Project("{FAE04EC0-301F-11D3-BF4B-00C04F79EFBC}") = "ejercicioTelegrama", "ejercicioTelegrama\ejercicioTelegrama.csproj", "{2A91E90E-0780-4AFE-9BC6-0459FE4715C1}"
EndProject
Global
	GlobalSection(SolutionConfigurationPlatforms) = preSolution
		Debug|Any CPU = Debug|Any CPU
		Release|Any CPU = Release|Any CPU
	EndGlobalSection
	GlobalSection(ProjectConfigurationPlatforms) = postSolution
		{2A91E90E-0780-4AFE-9BC6-0459FE4715C1}.Debug|Any CPU.ActiveCfg = Debug|Any CPU
		{2A91E90E-0780-4AFE-9BC6-0459FE4715C1}.Debug|Any CPU.Build.0 = Debug|Any CPU
		{2A91E90E-0780-4AFE-9BC6-0459FE4715C1}.Release|Any CPU.ActiveCfg = Release|Any CPU
		{2A91E90E-0780-4AFE-9BC6-0459FE4715C1}.Release|Any CPU.Build.0 = Release|Any CPU
	EndGlobalSection
	GlobalSection(SolutionProperties) = preSolution
		HideSolutionNode = FALSE
	EndGlobalSection
	GlobalSection(ExtensibilityGlobals) = postSolution
		SolutionGuid = {97537A28-A06A-4540-AFB3-2FA0D1055648}
	EndGlobalSection
EndGlobal
